
Microsoft Visual Studio Solution File, Format Version 12.00
# Visual Studio 15
VisualStudioVersion = 15.0.26730.16
MinimumVisualStudioVersion = 10.0.40219.1
Project("{FAE04EC0-301F-11D3-BF4B-00C04F79EFBC}") = "cript.6", "cript.6\cript.6.csproj", "{A33FA2DF-6795-46AC-8EB7-75F64BAC6D0C}"
EndProject
Global
	GlobalSection(SolutionConfigurationPlatforms) = preSolution
		Debug|Any CPU = Debug|Any CPU
		Release|Any CPU = Release|Any CPU
	EndGlobalSection
	GlobalSection(ProjectConfigurationPlatforms) = postSolution
		{A33FA2DF-6795-46AC-8EB7-75F64BAC6D0C}.Debug|Any CPU.ActiveCfg = Debug|Any CPU
		{A33FA2DF-6795-46AC-8EB7-75F64BAC6D0C}.Debug|Any CPU.Build.0 = Debug|Any CPU
		{A33FA2DF-6795-46AC-8EB7-75F64BAC6D0C}.Release|Any CPU.ActiveCfg = Release|Any CPU
		{A33FA2DF-6795-46AC-8EB7-75F64BAC6D0C}.Release|Any CPU.Build.0 = Release|Any CPU
	EndGlobalSection
	GlobalSection(SolutionProperties) = preSolution
		HideSolutionNode = FALSE
	EndGlobalSection
	GlobalSection(ExtensibilityGlobals) = postSolution
		SolutionGuid = {380D8604-44FB-4A70-8AEA-EDA0C3373DD6}
	EndGlobalSection
EndGlobal
